
Microsoft Visual Studio Solution File, Format Version 12.00
Project("{2150E333-8FDC-42A3-9474-1A3956D46DE8}") = "resources", "resources", "{A8C94635-CF84-42F5-92AC-376FB5E736AB}"
EndProject
Project("{2150E333-8FDC-42A3-9474-1A3956D46DE8}") = "src", "src", "{3365796E-DC4C-4D45-AA70-83D5982B013E}"
EndProject
Project("{2150E333-8FDC-42A3-9474-1A3956D46DE8}") = "tests", "tests", "{A550815D-2BE7-408D-BB01-50582C101C79}"
EndProject
Project("{2150E333-8FDC-42A3-9474-1A3956D46DE8}") = "icons", "icons", "{FCE1AEE9-E834-4F94-B7FC-0179C25FD537}"
	ProjectSection(SolutionItems) = preProject
		resources\icons\logo_128.png = resources\icons\logo_128.png
	EndProjectSection
EndProject
Project("{FAE04EC0-301F-11D3-BF4B-00C04F79EFBC}") = "SiloX.Orleans.Server", "src\SiloX.Orleans.Server\SiloX.Orleans.Server.csproj", "{98333171-E519-467A-AA23-70D4C10F34F4}"
EndProject
Project("{FAE04EC0-301F-11D3-BF4B-00C04F79EFBC}") = "SiloX.Orleans.Clustering.Redis", "src\SiloX.Orleans.Clustering.Redis\SiloX.Orleans.Clustering.Redis.csproj", "{858F2875-5618-4C2F-A402-22618941CC2E}"
EndProject
Project("{FAE04EC0-301F-11D3-BF4B-00C04F79EFBC}") = "SiloX.Orleans.Clustering.AdoNet", "src\SiloX.Orleans.Clustering.AdoNet\SiloX.Orleans.Clustering.AdoNet.csproj", "{99896B59-C4C7-48C3-BB1B-B45120D0945E}"
EndProject
Project("{FAE04EC0-301F-11D3-BF4B-00C04F79EFBC}") = "SiloX.Orleans.Reminders", "src\SiloX.Orleans.Reminders\SiloX.Orleans.Reminders.csproj", "{CC7CC142-FA42-410C-89DE-CA5648910B20}"
EndProject
Project("{FAE04EC0-301F-11D3-BF4B-00C04F79EFBC}") = "SiloX.Orleans.Clustering.InMemory", "src\SiloX.Orleans.Clustering.InMemory\SiloX.Orleans.Clustering.InMemory.csproj", "{006331C7-56EE-4B76-9C58-C2D3DB8A4013}"
EndProject
Project("{FAE04EC0-301F-11D3-BF4B-00C04F79EFBC}") = "SiloX.Orleans.Reminders.InMemory", "src\SiloX.Orleans.Reminders.InMemory\SiloX.Orleans.Reminders.InMemory.csproj", "{72777DA7-CF6A-4EEF-BA66-9811FE31BD77}"
EndProject
Project("{FAE04EC0-301F-11D3-BF4B-00C04F79EFBC}") = "SiloX.Orleans.Reminders.AdoNet", "src\SiloX.Orleans.Reminders.AdoNet\SiloX.Orleans.Reminders.AdoNet.csproj", "{8C199437-8476-41C4-9D6C-CB30492FE758}"
EndProject
Project("{FAE04EC0-301F-11D3-BF4B-00C04F79EFBC}") = "SiloX.Orleans.Reminders.Redis", "src\SiloX.Orleans.Reminders.Redis\SiloX.Orleans.Reminders.Redis.csproj", "{B29F5BDC-1756-4C31-ADDD-2DCB53FE1F2A}"
EndProject
Project("{FAE04EC0-301F-11D3-BF4B-00C04F79EFBC}") = "SiloX.Orleans.Persistence", "src\SiloX.Orleans.Persistence\SiloX.Orleans.Persistence.csproj", "{AA053E78-1BBC-4A02-B815-D99325838F11}"
EndProject
Project("{FAE04EC0-301F-11D3-BF4B-00C04F79EFBC}") = "SiloX.Orleans.Persistence.InMemory", "src\SiloX.Orleans.Persistence.InMemory\SiloX.Orleans.Persistence.InMemory.csproj", "{04CDEF88-1C36-4A39-AD80-AB0AA0E4AEB9}"
EndProject
Project("{FAE04EC0-301F-11D3-BF4B-00C04F79EFBC}") = "SiloX.Orleans.Persistence.AdoNet", "src\SiloX.Orleans.Persistence.AdoNet\SiloX.Orleans.Persistence.AdoNet.csproj", "{8A8DCD4E-1A8D-4589-B356-0C3DC40C288D}"
EndProject
Project("{FAE04EC0-301F-11D3-BF4B-00C04F79EFBC}") = "SiloX.Orleans.Persistence.EventStore", "src\SiloX.Orleans.Persistence.EventStore\SiloX.Orleans.Persistence.EventStore.csproj", "{2C94C860-1D9E-4865-AF06-AE52611F0E53}"
EndProject
Project("{FAE04EC0-301F-11D3-BF4B-00C04F79EFBC}") = "SiloX.Orleans.EventSourcing", "src\SiloX.Orleans.EventSourcing\SiloX.Orleans.EventSourcing.csproj", "{BBB4EA77-9C11-45E8-A2B4-A4FDEB4D00A4}"
EndProject
Project("{FAE04EC0-301F-11D3-BF4B-00C04F79EFBC}") = "SiloX.Orleans.EventSourcing.EventStore", "src\SiloX.Orleans.EventSourcing.EventStore\SiloX.Orleans.EventSourcing.EventStore.csproj", "{06953E44-65C1-4A6C-B4B1-A081C5E8C263}"
EndProject
Project("{FAE04EC0-301F-11D3-BF4B-00C04F79EFBC}") = "SiloX.Orleans.EventSourcing.InMemory", "src\SiloX.Orleans.EventSourcing.InMemory\SiloX.Orleans.EventSourcing.InMemory.csproj", "{F32E81B1-7D17-448A-9925-71D88F23377B}"
EndProject
Project("{FAE04EC0-301F-11D3-BF4B-00C04F79EFBC}") = "SiloX.Orleans.Streaming", "src\SiloX.Orleans.Streaming\SiloX.Orleans.Streaming.csproj", "{23EFCC94-5355-434F-B856-A111E19D331D}"
EndProject
Project("{FAE04EC0-301F-11D3-BF4B-00C04F79EFBC}") = "SiloX.Orleans.Streaming.InMemory", "src\SiloX.Orleans.Streaming.InMemory\SiloX.Orleans.Streaming.InMemory.csproj", "{CE127E65-DC77-44B1-AF69-6E3E7A120C2A}"
EndProject
Project("{FAE04EC0-301F-11D3-BF4B-00C04F79EFBC}") = "SiloX.Orleans.Streaming.EventStore", "src\SiloX.Orleans.Streaming.EventStore\SiloX.Orleans.Streaming.EventStore.csproj", "{17797ED8-7D7A-4FA4-AD85-A3DB2BEEFDF1}"
EndProject
Project("{FAE04EC0-301F-11D3-BF4B-00C04F79EFBC}") = "SiloX.Orleans.Persistence.Redis", "src\SiloX.Orleans.Persistence.Redis\SiloX.Orleans.Persistence.Redis.csproj", "{8FF73133-F6E2-4823-955C-8FD3E2C29D9D}"
EndProject
Project("{FAE04EC0-301F-11D3-BF4B-00C04F79EFBC}") = "SiloX.Orleans.Clustering", "src\SiloX.Orleans.Clustering\SiloX.Orleans.Clustering.csproj", "{90335E87-3DA8-4B94-B6A4-EC8F93F42FFF}"
EndProject
Project("{FAE04EC0-301F-11D3-BF4B-00C04F79EFBC}") = "SiloX.Orleans.UnitTests", "tests\SiloX.Orleans.UnitTests\SiloX.Orleans.UnitTests.csproj", "{CED1BC94-4219-418B-80FC-51B9F759AF2C}"
EndProject
Project("{FAE04EC0-301F-11D3-BF4B-00C04F79EFBC}") = "SiloX.Orleans.Client", "src\SiloX.Orleans.Client\SiloX.Orleans.Client.csproj", "{76135226-1BBE-40F4-B0E8-45F6EB0FCA7E}"
EndProject
Project("{FAE04EC0-301F-11D3-BF4B-00C04F79EFBC}") = "SiloX.Domain.Abstractions", "src\SiloX.Domain.Abstractions\SiloX.Domain.Abstractions.csproj", "{BB2D4655-5272-4306-921F-E39F08F6934E}"
EndProject
Project("{2150E333-8FDC-42A3-9474-1A3956D46DE8}") = "samples", "samples", "{A8D7B044-04CC-49E9-9568-F5CA4A253AFC}"
EndProject
Project("{FAE04EC0-301F-11D3-BF4B-00C04F79EFBC}") = "Vending.Domain.Abstractions", "samples\Vending.Domain.Abstractions\Vending.Domain.Abstractions.csproj", "{CC89BB22-FFD9-4291-B4C8-0DBDC5CF6F8D}"
EndProject
Project("{FAE04EC0-301F-11D3-BF4B-00C04F79EFBC}") = "Vending.Domain", "samples\Vending.Domain\Vending.Domain.csproj", "{B1061085-C9D3-4D4B-B40E-617FA6400DF5}"
EndProject
Project("{FAE04EC0-301F-11D3-BF4B-00C04F79EFBC}") = "Vending.Service.Hosting", "samples\Vending.Service.Hosting\Vending.Service.Hosting.csproj", "{214B0DA1-12AA-4098-A106-FD1AEDAB1441}"
EndProject
Project("{FAE04EC0-301F-11D3-BF4B-00C04F79EFBC}") = "SiloX.Orleans.Transactions", "src\SiloX.Orleans.Transactions\SiloX.Orleans.Transactions.csproj", "{50F36887-1BB7-4870-95D1-7A5899ADD5DB}"
EndProject
Project("{FAE04EC0-301F-11D3-BF4B-00C04F79EFBC}") = "Vending.Projection", "samples\Vending.Projection\Vending.Projection.csproj", "{156DF2DA-D331-4BB9-A4A2-51294C40FA69}"
EndProject
Project("{FAE04EC0-301F-11D3-BF4B-00C04F79EFBC}") = "Vending.Projection.Abstractions", "samples\Vending.Projection.Abstractions\Vending.Projection.Abstractions.csproj", "{FFA68C78-C3A4-4B21-AED9-88ACC8A7AE86}"
EndProject
Project("{FAE04EC0-301F-11D3-BF4B-00C04F79EFBC}") = "Vending.Projection.EntityFrameworkCore", "samples\Vending.Projection.EntityFrameworkCore\Vending.Projection.EntityFrameworkCore.csproj", "{54546472-072E-4ADB-AABD-927B37E29DDE}"
EndProject
Project("{FAE04EC0-301F-11D3-BF4B-00C04F79EFBC}") = "Vending.Domain.EntityFrameworkCore", "samples\Vending.Domain.EntityFrameworkCore\Vending.Domain.EntityFrameworkCore.csproj", "{ABC13703-065A-4DDC-AF35-1D6CEC623F5E}"
EndProject
Global
	GlobalSection(SolutionConfigurationPlatforms) = preSolution
		Debug|Any CPU = Debug|Any CPU
		Release|Any CPU = Release|Any CPU
	EndGlobalSection
	GlobalSection(NestedProjects) = preSolution
		{FCE1AEE9-E834-4F94-B7FC-0179C25FD537} = {A8C94635-CF84-42F5-92AC-376FB5E736AB}
		{98333171-E519-467A-AA23-70D4C10F34F4} = {3365796E-DC4C-4D45-AA70-83D5982B013E}
		{858F2875-5618-4C2F-A402-22618941CC2E} = {3365796E-DC4C-4D45-AA70-83D5982B013E}
		{99896B59-C4C7-48C3-BB1B-B45120D0945E} = {3365796E-DC4C-4D45-AA70-83D5982B013E}
		{CC7CC142-FA42-410C-89DE-CA5648910B20} = {3365796E-DC4C-4D45-AA70-83D5982B013E}
		{006331C7-56EE-4B76-9C58-C2D3DB8A4013} = {3365796E-DC4C-4D45-AA70-83D5982B013E}
		{72777DA7-CF6A-4EEF-BA66-9811FE31BD77} = {3365796E-DC4C-4D45-AA70-83D5982B013E}
		{8C199437-8476-41C4-9D6C-CB30492FE758} = {3365796E-DC4C-4D45-AA70-83D5982B013E}
		{B29F5BDC-1756-4C31-ADDD-2DCB53FE1F2A} = {3365796E-DC4C-4D45-AA70-83D5982B013E}
		{AA053E78-1BBC-4A02-B815-D99325838F11} = {3365796E-DC4C-4D45-AA70-83D5982B013E}
		{04CDEF88-1C36-4A39-AD80-AB0AA0E4AEB9} = {3365796E-DC4C-4D45-AA70-83D5982B013E}
		{8A8DCD4E-1A8D-4589-B356-0C3DC40C288D} = {3365796E-DC4C-4D45-AA70-83D5982B013E}
		{2C94C860-1D9E-4865-AF06-AE52611F0E53} = {3365796E-DC4C-4D45-AA70-83D5982B013E}
		{BBB4EA77-9C11-45E8-A2B4-A4FDEB4D00A4} = {3365796E-DC4C-4D45-AA70-83D5982B013E}
		{06953E44-65C1-4A6C-B4B1-A081C5E8C263} = {3365796E-DC4C-4D45-AA70-83D5982B013E}
		{F32E81B1-7D17-448A-9925-71D88F23377B} = {3365796E-DC4C-4D45-AA70-83D5982B013E}
		{23EFCC94-5355-434F-B856-A111E19D331D} = {3365796E-DC4C-4D45-AA70-83D5982B013E}
		{CE127E65-DC77-44B1-AF69-6E3E7A120C2A} = {3365796E-DC4C-4D45-AA70-83D5982B013E}
		{17797ED8-7D7A-4FA4-AD85-A3DB2BEEFDF1} = {3365796E-DC4C-4D45-AA70-83D5982B013E}
		{8FF73133-F6E2-4823-955C-8FD3E2C29D9D} = {3365796E-DC4C-4D45-AA70-83D5982B013E}
		{90335E87-3DA8-4B94-B6A4-EC8F93F42FFF} = {3365796E-DC4C-4D45-AA70-83D5982B013E}
		{CED1BC94-4219-418B-80FC-51B9F759AF2C} = {A550815D-2BE7-408D-BB01-50582C101C79}
		{76135226-1BBE-40F4-B0E8-45F6EB0FCA7E} = {3365796E-DC4C-4D45-AA70-83D5982B013E}
		{BB2D4655-5272-4306-921F-E39F08F6934E} = {3365796E-DC4C-4D45-AA70-83D5982B013E}
		{CC89BB22-FFD9-4291-B4C8-0DBDC5CF6F8D} = {A8D7B044-04CC-49E9-9568-F5CA4A253AFC}
		{B1061085-C9D3-4D4B-B40E-617FA6400DF5} = {A8D7B044-04CC-49E9-9568-F5CA4A253AFC}
		{214B0DA1-12AA-4098-A106-FD1AEDAB1441} = {A8D7B044-04CC-49E9-9568-F5CA4A253AFC}
		{50F36887-1BB7-4870-95D1-7A5899ADD5DB} = {3365796E-DC4C-4D45-AA70-83D5982B013E}
		{156DF2DA-D331-4BB9-A4A2-51294C40FA69} = {A8D7B044-04CC-49E9-9568-F5CA4A253AFC}
		{FFA68C78-C3A4-4B21-AED9-88ACC8A7AE86} = {A8D7B044-04CC-49E9-9568-F5CA4A253AFC}
		{54546472-072E-4ADB-AABD-927B37E29DDE} = {A8D7B044-04CC-49E9-9568-F5CA4A253AFC}
		{ABC13703-065A-4DDC-AF35-1D6CEC623F5E} = {A8D7B044-04CC-49E9-9568-F5CA4A253AFC}
	EndGlobalSection
	GlobalSection(ProjectConfigurationPlatforms) = postSolution
		{98333171-E519-467A-AA23-70D4C10F34F4}.Debug|Any CPU.ActiveCfg = Debug|Any CPU
		{98333171-E519-467A-AA23-70D4C10F34F4}.Debug|Any CPU.Build.0 = Debug|Any CPU
		{98333171-E519-467A-AA23-70D4C10F34F4}.Release|Any CPU.ActiveCfg = Release|Any CPU
		{98333171-E519-467A-AA23-70D4C10F34F4}.Release|Any CPU.Build.0 = Release|Any CPU
		{858F2875-5618-4C2F-A402-22618941CC2E}.Debug|Any CPU.ActiveCfg = Debug|Any CPU
		{858F2875-5618-4C2F-A402-22618941CC2E}.Debug|Any CPU.Build.0 = Debug|Any CPU
		{858F2875-5618-4C2F-A402-22618941CC2E}.Release|Any CPU.ActiveCfg = Release|Any CPU
		{858F2875-5618-4C2F-A402-22618941CC2E}.Release|Any CPU.Build.0 = Release|Any CPU
		{99896B59-C4C7-48C3-BB1B-B45120D0945E}.Debug|Any CPU.ActiveCfg = Debug|Any CPU
		{99896B59-C4C7-48C3-BB1B-B45120D0945E}.Debug|Any CPU.Build.0 = Debug|Any CPU
		{99896B59-C4C7-48C3-BB1B-B45120D0945E}.Release|Any CPU.ActiveCfg = Release|Any CPU
		{99896B59-C4C7-48C3-BB1B-B45120D0945E}.Release|Any CPU.Build.0 = Release|Any CPU
		{CC7CC142-FA42-410C-89DE-CA5648910B20}.Debug|Any CPU.ActiveCfg = Debug|Any CPU
		{CC7CC142-FA42-410C-89DE-CA5648910B20}.Debug|Any CPU.Build.0 = Debug|Any CPU
		{CC7CC142-FA42-410C-89DE-CA5648910B20}.Release|Any CPU.ActiveCfg = Release|Any CPU
		{CC7CC142-FA42-410C-89DE-CA5648910B20}.Release|Any CPU.Build.0 = Release|Any CPU
		{006331C7-56EE-4B76-9C58-C2D3DB8A4013}.Debug|Any CPU.ActiveCfg = Debug|Any CPU
		{006331C7-56EE-4B76-9C58-C2D3DB8A4013}.Debug|Any CPU.Build.0 = Debug|Any CPU
		{006331C7-56EE-4B76-9C58-C2D3DB8A4013}.Release|Any CPU.ActiveCfg = Release|Any CPU
		{006331C7-56EE-4B76-9C58-C2D3DB8A4013}.Release|Any CPU.Build.0 = Release|Any CPU
		{72777DA7-CF6A-4EEF-BA66-9811FE31BD77}.Debug|Any CPU.ActiveCfg = Debug|Any CPU
		{72777DA7-CF6A-4EEF-BA66-9811FE31BD77}.Debug|Any CPU.Build.0 = Debug|Any CPU
		{72777DA7-CF6A-4EEF-BA66-9811FE31BD77}.Release|Any CPU.ActiveCfg = Release|Any CPU
		{72777DA7-CF6A-4EEF-BA66-9811FE31BD77}.Release|Any CPU.Build.0 = Release|Any CPU
		{8C199437-8476-41C4-9D6C-CB30492FE758}.Debug|Any CPU.ActiveCfg = Debug|Any CPU
		{8C199437-8476-41C4-9D6C-CB30492FE758}.Debug|Any CPU.Build.0 = Debug|Any CPU
		{8C199437-8476-41C4-9D6C-CB30492FE758}.Release|Any CPU.ActiveCfg = Release|Any CPU
		{8C199437-8476-41C4-9D6C-CB30492FE758}.Release|Any CPU.Build.0 = Release|Any CPU
		{B29F5BDC-1756-4C31-ADDD-2DCB53FE1F2A}.Debug|Any CPU.ActiveCfg = Debug|Any CPU
		{B29F5BDC-1756-4C31-ADDD-2DCB53FE1F2A}.Debug|Any CPU.Build.0 = Debug|Any CPU
		{B29F5BDC-1756-4C31-ADDD-2DCB53FE1F2A}.Release|Any CPU.ActiveCfg = Release|Any CPU
		{B29F5BDC-1756-4C31-ADDD-2DCB53FE1F2A}.Release|Any CPU.Build.0 = Release|Any CPU
		{AA053E78-1BBC-4A02-B815-D99325838F11}.Debug|Any CPU.ActiveCfg = Debug|Any CPU
		{AA053E78-1BBC-4A02-B815-D99325838F11}.Debug|Any CPU.Build.0 = Debug|Any CPU
		{AA053E78-1BBC-4A02-B815-D99325838F11}.Release|Any CPU.ActiveCfg = Release|Any CPU
		{AA053E78-1BBC-4A02-B815-D99325838F11}.Release|Any CPU.Build.0 = Release|Any CPU
		{04CDEF88-1C36-4A39-AD80-AB0AA0E4AEB9}.Debug|Any CPU.ActiveCfg = Debug|Any CPU
		{04CDEF88-1C36-4A39-AD80-AB0AA0E4AEB9}.Debug|Any CPU.Build.0 = Debug|Any CPU
		{04CDEF88-1C36-4A39-AD80-AB0AA0E4AEB9}.Release|Any CPU.ActiveCfg = Release|Any CPU
		{04CDEF88-1C36-4A39-AD80-AB0AA0E4AEB9}.Release|Any CPU.Build.0 = Release|Any CPU
		{8A8DCD4E-1A8D-4589-B356-0C3DC40C288D}.Debug|Any CPU.ActiveCfg = Debug|Any CPU
		{8A8DCD4E-1A8D-4589-B356-0C3DC40C288D}.Debug|Any CPU.Build.0 = Debug|Any CPU
		{8A8DCD4E-1A8D-4589-B356-0C3DC40C288D}.Release|Any CPU.ActiveCfg = Release|Any CPU
		{8A8DCD4E-1A8D-4589-B356-0C3DC40C288D}.Release|Any CPU.Build.0 = Release|Any CPU
		{2C94C860-1D9E-4865-AF06-AE52611F0E53}.Debug|Any CPU.ActiveCfg = Debug|Any CPU
		{2C94C860-1D9E-4865-AF06-AE52611F0E53}.Debug|Any CPU.Build.0 = Debug|Any CPU
		{2C94C860-1D9E-4865-AF06-AE52611F0E53}.Release|Any CPU.ActiveCfg = Release|Any CPU
		{2C94C860-1D9E-4865-AF06-AE52611F0E53}.Release|Any CPU.Build.0 = Release|Any CPU
		{BBB4EA77-9C11-45E8-A2B4-A4FDEB4D00A4}.Debug|Any CPU.ActiveCfg = Debug|Any CPU
		{BBB4EA77-9C11-45E8-A2B4-A4FDEB4D00A4}.Debug|Any CPU.Build.0 = Debug|Any CPU
		{BBB4EA77-9C11-45E8-A2B4-A4FDEB4D00A4}.Release|Any CPU.ActiveCfg = Release|Any CPU
		{BBB4EA77-9C11-45E8-A2B4-A4FDEB4D00A4}.Release|Any CPU.Build.0 = Release|Any CPU
		{06953E44-65C1-4A6C-B4B1-A081C5E8C263}.Debug|Any CPU.ActiveCfg = Debug|Any CPU
		{06953E44-65C1-4A6C-B4B1-A081C5E8C263}.Debug|Any CPU.Build.0 = Debug|Any CPU
		{06953E44-65C1-4A6C-B4B1-A081C5E8C263}.Release|Any CPU.ActiveCfg = Release|Any CPU
		{06953E44-65C1-4A6C-B4B1-A081C5E8C263}.Release|Any CPU.Build.0 = Release|Any CPU
		{F32E81B1-7D17-448A-9925-71D88F23377B}.Debug|Any CPU.ActiveCfg = Debug|Any CPU
		{F32E81B1-7D17-448A-9925-71D88F23377B}.Debug|Any CPU.Build.0 = Debug|Any CPU
		{F32E81B1-7D17-448A-9925-71D88F23377B}.Release|Any CPU.ActiveCfg = Release|Any CPU
		{F32E81B1-7D17-448A-9925-71D88F23377B}.Release|Any CPU.Build.0 = Release|Any CPU
		{23EFCC94-5355-434F-B856-A111E19D331D}.Debug|Any CPU.ActiveCfg = Debug|Any CPU
		{23EFCC94-5355-434F-B856-A111E19D331D}.Debug|Any CPU.Build.0 = Debug|Any CPU
		{23EFCC94-5355-434F-B856-A111E19D331D}.Release|Any CPU.ActiveCfg = Release|Any CPU
		{23EFCC94-5355-434F-B856-A111E19D331D}.Release|Any CPU.Build.0 = Release|Any CPU
		{CE127E65-DC77-44B1-AF69-6E3E7A120C2A}.Debug|Any CPU.ActiveCfg = Debug|Any CPU
		{CE127E65-DC77-44B1-AF69-6E3E7A120C2A}.Debug|Any CPU.Build.0 = Debug|Any CPU
		{CE127E65-DC77-44B1-AF69-6E3E7A120C2A}.Release|Any CPU.ActiveCfg = Release|Any CPU
		{CE127E65-DC77-44B1-AF69-6E3E7A120C2A}.Release|Any CPU.Build.0 = Release|Any CPU
		{17797ED8-7D7A-4FA4-AD85-A3DB2BEEFDF1}.Debug|Any CPU.ActiveCfg = Debug|Any CPU
		{17797ED8-7D7A-4FA4-AD85-A3DB2BEEFDF1}.Debug|Any CPU.Build.0 = Debug|Any CPU
		{17797ED8-7D7A-4FA4-AD85-A3DB2BEEFDF1}.Release|Any CPU.ActiveCfg = Release|Any CPU
		{17797ED8-7D7A-4FA4-AD85-A3DB2BEEFDF1}.Release|Any CPU.Build.0 = Release|Any CPU
		{8FF73133-F6E2-4823-955C-8FD3E2C29D9D}.Debug|Any CPU.ActiveCfg = Debug|Any CPU
		{8FF73133-F6E2-4823-955C-8FD3E2C29D9D}.Debug|Any CPU.Build.0 = Debug|Any CPU
		{8FF73133-F6E2-4823-955C-8FD3E2C29D9D}.Release|Any CPU.ActiveCfg = Release|Any CPU
		{8FF73133-F6E2-4823-955C-8FD3E2C29D9D}.Release|Any CPU.Build.0 = Release|Any CPU
		{90335E87-3DA8-4B94-B6A4-EC8F93F42FFF}.Debug|Any CPU.ActiveCfg = Debug|Any CPU
		{90335E87-3DA8-4B94-B6A4-EC8F93F42FFF}.Debug|Any CPU.Build.0 = Debug|Any CPU
		{90335E87-3DA8-4B94-B6A4-EC8F93F42FFF}.Release|Any CPU.ActiveCfg = Release|Any CPU
		{90335E87-3DA8-4B94-B6A4-EC8F93F42FFF}.Release|Any CPU.Build.0 = Release|Any CPU
		{CED1BC94-4219-418B-80FC-51B9F759AF2C}.Debug|Any CPU.ActiveCfg = Debug|Any CPU
		{CED1BC94-4219-418B-80FC-51B9F759AF2C}.Debug|Any CPU.Build.0 = Debug|Any CPU
		{CED1BC94-4219-418B-80FC-51B9F759AF2C}.Release|Any CPU.ActiveCfg = Release|Any CPU
		{CED1BC94-4219-418B-80FC-51B9F759AF2C}.Release|Any CPU.Build.0 = Release|Any CPU
		{76135226-1BBE-40F4-B0E8-45F6EB0FCA7E}.Debug|Any CPU.ActiveCfg = Debug|Any CPU
		{76135226-1BBE-40F4-B0E8-45F6EB0FCA7E}.Debug|Any CPU.Build.0 = Debug|Any CPU
		{76135226-1BBE-40F4-B0E8-45F6EB0FCA7E}.Release|Any CPU.ActiveCfg = Release|Any CPU
		{76135226-1BBE-40F4-B0E8-45F6EB0FCA7E}.Release|Any CPU.Build.0 = Release|Any CPU
		{BB2D4655-5272-4306-921F-E39F08F6934E}.Debug|Any CPU.ActiveCfg = Debug|Any CPU
		{BB2D4655-5272-4306-921F-E39F08F6934E}.Debug|Any CPU.Build.0 = Debug|Any CPU
		{BB2D4655-5272-4306-921F-E39F08F6934E}.Release|Any CPU.ActiveCfg = Release|Any CPU
		{BB2D4655-5272-4306-921F-E39F08F6934E}.Release|Any CPU.Build.0 = Release|Any CPU
		{CC89BB22-FFD9-4291-B4C8-0DBDC5CF6F8D}.Debug|Any CPU.ActiveCfg = Debug|Any CPU
		{CC89BB22-FFD9-4291-B4C8-0DBDC5CF6F8D}.Debug|Any CPU.Build.0 = Debug|Any CPU
		{CC89BB22-FFD9-4291-B4C8-0DBDC5CF6F8D}.Release|Any CPU.ActiveCfg = Release|Any CPU
		{CC89BB22-FFD9-4291-B4C8-0DBDC5CF6F8D}.Release|Any CPU.Build.0 = Release|Any CPU
		{B1061085-C9D3-4D4B-B40E-617FA6400DF5}.Debug|Any CPU.ActiveCfg = Debug|Any CPU
		{B1061085-C9D3-4D4B-B40E-617FA6400DF5}.Debug|Any CPU.Build.0 = Debug|Any CPU
		{B1061085-C9D3-4D4B-B40E-617FA6400DF5}.Release|Any CPU.ActiveCfg = Release|Any CPU
		{B1061085-C9D3-4D4B-B40E-617FA6400DF5}.Release|Any CPU.Build.0 = Release|Any CPU
		{214B0DA1-12AA-4098-A106-FD1AEDAB1441}.Debug|Any CPU.ActiveCfg = Debug|Any CPU
		{214B0DA1-12AA-4098-A106-FD1AEDAB1441}.Debug|Any CPU.Build.0 = Debug|Any CPU
		{214B0DA1-12AA-4098-A106-FD1AEDAB1441}.Release|Any CPU.ActiveCfg = Release|Any CPU
		{214B0DA1-12AA-4098-A106-FD1AEDAB1441}.Release|Any CPU.Build.0 = Release|Any CPU
		{50F36887-1BB7-4870-95D1-7A5899ADD5DB}.Debug|Any CPU.ActiveCfg = Debug|Any CPU
		{50F36887-1BB7-4870-95D1-7A5899ADD5DB}.Debug|Any CPU.Build.0 = Debug|Any CPU
		{50F36887-1BB7-4870-95D1-7A5899ADD5DB}.Release|Any CPU.ActiveCfg = Release|Any CPU
		{50F36887-1BB7-4870-95D1-7A5899ADD5DB}.Release|Any CPU.Build.0 = Release|Any CPU
		{156DF2DA-D331-4BB9-A4A2-51294C40FA69}.Debug|Any CPU.ActiveCfg = Debug|Any CPU
		{156DF2DA-D331-4BB9-A4A2-51294C40FA69}.Debug|Any CPU.Build.0 = Debug|Any CPU
		{156DF2DA-D331-4BB9-A4A2-51294C40FA69}.Release|Any CPU.ActiveCfg = Release|Any CPU
		{156DF2DA-D331-4BB9-A4A2-51294C40FA69}.Release|Any CPU.Build.0 = Release|Any CPU
		{FFA68C78-C3A4-4B21-AED9-88ACC8A7AE86}.Debug|Any CPU.ActiveCfg = Debug|Any CPU
		{FFA68C78-C3A4-4B21-AED9-88ACC8A7AE86}.Debug|Any CPU.Build.0 = Debug|Any CPU
		{FFA68C78-C3A4-4B21-AED9-88ACC8A7AE86}.Release|Any CPU.ActiveCfg = Release|Any CPU
		{FFA68C78-C3A4-4B21-AED9-88ACC8A7AE86}.Release|Any CPU.Build.0 = Release|Any CPU
		{54546472-072E-4ADB-AABD-927B37E29DDE}.Debug|Any CPU.ActiveCfg = Debug|Any CPU
		{54546472-072E-4ADB-AABD-927B37E29DDE}.Debug|Any CPU.Build.0 = Debug|Any CPU
		{54546472-072E-4ADB-AABD-927B37E29DDE}.Release|Any CPU.ActiveCfg = Release|Any CPU
		{54546472-072E-4ADB-AABD-927B37E29DDE}.Release|Any CPU.Build.0 = Release|Any CPU
		{ABC13703-065A-4DDC-AF35-1D6CEC623F5E}.Debug|Any CPU.ActiveCfg = Debug|Any CPU
		{ABC13703-065A-4DDC-AF35-1D6CEC623F5E}.Debug|Any CPU.Build.0 = Debug|Any CPU
		{ABC13703-065A-4DDC-AF35-1D6CEC623F5E}.Release|Any CPU.ActiveCfg = Release|Any CPU
		{ABC13703-065A-4DDC-AF35-1D6CEC623F5E}.Release|Any CPU.Build.0 = Release|Any CPU
	EndGlobalSection
EndGlobal
